# This file is automatically @generated by Cargo.
# It is not intended for manual editing.
version = 4

[[package]]
name = "critical-section"
version = "1.2.0"
source = "registry+https://github.com/rust-lang/crates.io-index"
checksum = "790eea4361631c5e7d22598ecd5723ff611904e3344ce8720784c93e3d83d40b"

[[package]]
name = "document-features"
version = "0.2.12"
source = "registry+https://github.com/rust-lang/crates.io-index"
checksum = "d4b8a88685455ed29a21542a33abd9cb6510b6b129abadabdcef0f4c55bc8f61"
dependencies = [
 "litrs",
]

[[package]]
name = "libc"
version = "0.2.189"
source = "registry+https://github.com/rust-lang/crates.io-index"
checksum = "3eaf3ede3fee6db1a4c2ee091bf8a8b4dccdc6d17f656fb07896ee72867612f2"

[[package]]
name = "litrs"
version = "1.0.0"
source = "registry+https://github.com/rust-lang/crates.io-index"
checksum = "11d3d7f243d5c5a8b9bb5d6dd2b1602c0cb0b9db1621bafc7ed66e35ff9fe092"

[[package]]
name = "portable-atomic"
version = "1.15.0"
source = "registry+https://github.com/rust-lang/crates.io-index"
checksum = "05c8b63e8d9609db387f0324918f81d68fe27748f084ef092fb35954d0539a85"

[[package]]
name = "proc-macro2"
version = "1.0.107"
source = "registry+https://github.com/rust-lang/crates.io-index"
checksum = "985e7ec9bb745e6ce6535b544d84d6cd6f7ad8bd711c398938ae983b91a766d9"
dependencies = [
 "unicode-ident",
]

[[package]]
name = "quote"
version = "1.0.47"
source = "registry+https://github.com/rust-lang/crates.io-index"
checksum = "1fbf4db142a473a8d80c26bbf18454ed458bf8d26c8219c331daecfdbd079001"
dependencies = [
 "proc-macro2",
]

[[package]]
name = "rusty_alloc"
version = "2.0.5"
source = "registry+https://github.com/rust-lang/crates.io-index"
checksum = "d59f4e6793d58ca76f11c5138939761fbabb6978b1fe404e1c097fa6bd45e706"
dependencies = [
 "libc",
 "portable-atomic",
 "windows-sys",
]

[[package]]
name = "rusty_alloc-api"
version = "2.0.5"
source = "registry+https://github.com/rust-lang/crates.io-index"
checksum = "66795d559e48d97cc9e5df15471c98ffd6a95870110fec8ca49ad22318e546c0"
dependencies = [
 "rusty_alloc",
]

[[package]]
name = "rusty_esp_alloc"
version = "0.1.1"
dependencies = [
 "rusty_alloc",
 "rusty_alloc-api",
]

[[package]]
name = "rusty_esp_core"
version = "0.1.1"

[[package]]
name = "rusty_esp_core-esp"
version = "0.1.1"
dependencies = [
 "rusty_esp_core",
]

[[package]]
name = "rusty_esp_rtos"
version = "0.1.1"
dependencies = [
 "rusty_rtos_core",
 "rusty_rtos_kernel-core",
 "rusty_rtos_port-riscv",
 "rusty_rtos_port-xtensa",
]

[[package]]
name = "rusty_rtos_core"
version = "0.1.0"
source = "registry+https://github.com/rust-lang/crates.io-index"
checksum = "5e3998d3323106878db36fbc8b565cd8eb572609118fa9a04e3e14c23ff80d80"

[[package]]
name = "rusty_rtos_kernel-core"
version = "0.1.0"
source = "registry+https://github.com/rust-lang/crates.io-index"
checksum = "4f078537e5122d694f659cb347b8e9fc062f2c21639e2661af79d1bff76856f5"
dependencies = [
 "rusty_rtos_core",
]

[[package]]
name = "rusty_rtos_port-riscv"
version = "0.1.0"
source = "registry+https://github.com/rust-lang/crates.io-index"
checksum = "23f2f4a09cd2d9ea0d43253efa553034cbfeec31d6a7fdd2a0f8bc83b726e60d"
dependencies = [
 "rusty_rtos_core",
]

[[package]]
name = "rusty_rtos_port-xtensa"
version = "0.1.0"
source = "registry+https://github.com/rust-lang/crates.io-index"
checksum = "ad0a37feb9ce9a0392ef3db8380d0e9d95785d8ecb66afd254f4e0d8787efb4b"
dependencies = [
 "rusty_rtos_core",
 "xtensa-lx 0.12.0",
 "xtensa-lx-rt",
]

[[package]]
name = "syn"
version = "2.0.119"
source = "registry+https://github.com/rust-lang/crates.io-index"
checksum = "872831b642d1a07999a962a351ed35b955ea2cfc8f3862091e2a240a84f17297"
dependencies = [
 "proc-macro2",
 "quote",
 "unicode-ident",
]

[[package]]
name = "unicode-ident"
version = "1.0.26"
source = "registry+https://github.com/rust-lang/crates.io-index"
checksum = "d245f478577f809a851594d02313b640fb437e0bb33866753cff937863096954"

[[package]]
name = "windows-link"
version = "0.2.1"
source = "registry+https://github.com/rust-lang/crates.io-index"
checksum = "f0805222e57f7521d6a62e36fa9163bc891acd422f971defe97d64e70d0a4fe5"

[[package]]
name = "windows-sys"
version = "0.60.2"
source = "registry+https://github.com/rust-lang/crates.io-index"
checksum = "f2f500e4d28234f72040990ec9d39e3a6b950f9f22d3dba18416c35882612bcb"
dependencies = [
 "windows-targets",
]

[[package]]
name = "windows-targets"
version = "0.53.5"
source = "registry+https://github.com/rust-lang/crates.io-index"
checksum = "4945f9f551b88e0d65f3db0bc25c33b8acea4d9e41163edf90dcd0b19f9069f3"
dependencies = [
 "windows-link",
 "windows_aarch64_gnullvm",
 "windows_aarch64_msvc",
 "windows_i686_gnu",
 "windows_i686_gnullvm",
 "windows_i686_msvc",
 "windows_x86_64_gnu",
 "windows_x86_64_gnullvm",
 "windows_x86_64_msvc",
]

[[package]]
name = "windows_aarch64_gnullvm"
version = "0.53.1"
source = "registry+https://github.com/rust-lang/crates.io-index"
checksum = "a9d8416fa8b42f5c947f8482c43e7d89e73a173cead56d044f6a56104a6d1b53"

[[package]]
name = "windows_aarch64_msvc"
version = "0.53.1"
source = "registry+https://github.com/rust-lang/crates.io-index"
checksum = "b9d782e804c2f632e395708e99a94275910eb9100b2114651e04744e9b125006"

[[package]]
name = "windows_i686_gnu"
version = "0.53.1"
source = "registry+https://github.com/rust-lang/crates.io-index"
checksum = "960e6da069d81e09becb0ca57a65220ddff016ff2d6af6a223cf372a506593a3"

[[package]]
name = "windows_i686_gnullvm"
version = "0.53.1"
source = "registry+https://github.com/rust-lang/crates.io-index"
checksum = "fa7359d10048f68ab8b09fa71c3daccfb0e9b559aed648a8f95469c27057180c"

[[package]]
name = "windows_i686_msvc"
version = "0.53.1"
source = "registry+https://github.com/rust-lang/crates.io-index"
checksum = "1e7ac75179f18232fe9c285163565a57ef8d3c89254a30685b57d83a38d326c2"

[[package]]
name = "windows_x86_64_gnu"
version = "0.53.1"
source = "registry+https://github.com/rust-lang/crates.io-index"
checksum = "9c3842cdd74a865a8066ab39c8a7a473c0778a3f29370b5fd6b4b9aa7df4a499"

[[package]]
name = "windows_x86_64_gnullvm"
version = "0.53.1"
source = "registry+https://github.com/rust-lang/crates.io-index"
checksum = "0ffa179e2d07eee8ad8f57493436566c7cc30ac536a3379fdf008f47f6bb7ae1"

[[package]]
name = "windows_x86_64_msvc"
version = "0.53.1"
source = "registry+https://github.com/rust-lang/crates.io-index"
checksum = "d6bbff5f0aada427a1e5a6da5f1f98158182f26556f345ac9e04d36d0ebed650"

[[package]]
name = "xtensa-lx"
version = "0.12.0"
source = "registry+https://github.com/rust-lang/crates.io-index"
checksum = "3a564fffeb3cd773a524e8d8a5c66ca5e9739ea7450e36a3e6a54dd31f1e652f"
dependencies = [
 "critical-section",
]

[[package]]
name = "xtensa-lx"
version = "0.13.0"
source = "registry+https://github.com/rust-lang/crates.io-index"
checksum = "e012d667b0aa6d2592ace8ef145a98bff3e76cca7a644f4181ecd7a916ed289b"
dependencies = [
 "critical-section",
]

[[package]]
name = "xtensa-lx-rt"
version = "0.23.0"
source = "registry+https://github.com/rust-lang/crates.io-index"
checksum = "07933551193a68b5b0a94a7c428e9626adb559661e0f4b048ac5ec1fa4bed334"
dependencies = [
 "document-features",
 "xtensa-lx 0.13.0",
 "xtensa-lx-rt-proc-macros",
]

[[package]]
name = "xtensa-lx-rt-proc-macros"
version = "0.5.0"
source = "registry+https://github.com/rust-lang/crates.io-index"
checksum = "96fb42cd29c42f8744c74276e9f5bee7b06685bbe5b88df891516d72cb320450"
dependencies = [
 "proc-macro2",
 "quote",
 "syn",
]
